
Microsoft Visual Studio Solution File, Format Version 12.00
# Visual Studio Version 17
VisualStudioVersion = 17.4.33110.190
MinimumVisualStudioVersion = 10.0.40219.1
Project("{FAE04EC0-301F-11D3-BF4B-00C04F79EFBC}") = "Exercise5", "Exercise5\Exercise5.csproj", "{B93D3237-4790-4997-9366-04A17D2557CB}"
EndProject
Global
	GlobalSection(SolutionConfigurationPlatforms) = preSolution
		Debug|Any CPU = Debug|Any CPU
		Release|Any CPU = Release|Any CPU
	EndGlobalSection
	GlobalSection(ProjectConfigurationPlatforms) = postSolution
		{B93D3237-4790-4997-9366-04A17D2557CB}.Debug|Any CPU.ActiveCfg = Debug|Any CPU
		{B93D3237-4790-4997-9366-04A17D2557CB}.Debug|Any CPU.Build.0 = Debug|Any CPU
		{B93D3237-4790-4997-9366-04A17D2557CB}.Release|Any CPU.ActiveCfg = Release|Any CPU
		{B93D3237-4790-4997-9366-04A17D2557CB}.Release|Any CPU.Build.0 = Release|Any CPU
	EndGlobalSection
	GlobalSection(SolutionProperties) = preSolution
		HideSolutionNode = FALSE
	EndGlobalSection
	GlobalSection(ExtensibilityGlobals) = postSolution
		SolutionGuid = {F3484BCC-A27A-417E-B0E0-8AFA4EEDA723}
	EndGlobalSection
EndGlobal
